
Microsoft Visual Studio Solution File, Format Version 12.00
# Visual Studio Version 17
VisualStudioVersion = 17.7.34202.233
MinimumVisualStudioVersion = 10.0.40219.1
Project("{9A19103F-16F7-4668-BE54-9A1E7A4F7556}") = "Tentamen-Server-Side-Programming", "Tentamen-Server-Side-Programming.csproj", "{5BC0D814-F11B-4CCA-964D-29B1AC44D48D}"
EndProject
Global
	GlobalSection(SolutionConfigurationPlatforms) = preSolution
		Debug|Any CPU = Debug|Any CPU
		Release|Any CPU = Release|Any CPU
	EndGlobalSection
	GlobalSection(ProjectConfigurationPlatforms) = postSolution
		{5BC0D814-F11B-4CCA-964D-29B1AC44D48D}.Debug|Any CPU.ActiveCfg = Debug|Any CPU
		{5BC0D814-F11B-4CCA-964D-29B1AC44D48D}.Debug|Any CPU.Build.0 = Debug|Any CPU
		{5BC0D814-F11B-4CCA-964D-29B1AC44D48D}.Release|Any CPU.ActiveCfg = Release|Any CPU
		{5BC0D814-F11B-4CCA-964D-29B1AC44D48D}.Release|Any CPU.Build.0 = Release|Any CPU
	EndGlobalSection
	GlobalSection(SolutionProperties) = preSolution
		HideSolutionNode = FALSE
	EndGlobalSection
	GlobalSection(ExtensibilityGlobals) = postSolution
		SolutionGuid = {1A745A58-5CED-4389-BBD1-AD8C8AB60611}
	EndGlobalSection
EndGlobal
